
Microsoft Visual Studio Solution File, Format Version 9.00
# Visual Studio 2005
Project("{8BC9CEB8-8B4A-11D0-8D11-00A0C91BC942}") = "PdfFactory", "PdfFactory.vcproj", "{72DC8F0D-FFB8-42FD-BCAB-C94493FDF72D}"
EndProject
Project("{8BC9CEB8-8B4A-11D0-8D11-00A0C91BC942}") = "WinDllTest", "..\WinDllTest\WinDllTest.vcproj", "{EEB5E4F6-5EC7-45A6-8685-A0776D3205F7}"
	ProjectSection(ProjectDependencies) = postProject
		{72DC8F0D-FFB8-42FD-BCAB-C94493FDF72D} = {72DC8F0D-FFB8-42FD-BCAB-C94493FDF72D}
	EndProjectSection
EndProject
Global
	GlobalSection(SolutionConfigurationPlatforms) = preSolution
		Debug x64|Win32 = Debug x64|Win32
		Debug x86|Win32 = Debug x86|Win32
		Release x64|Win32 = Release x64|Win32
		Release x86|Win32 = Release x86|Win32
	EndGlobalSection
	GlobalSection(ProjectConfigurationPlatforms) = postSolution
		{72DC8F0D-FFB8-42FD-BCAB-C94493FDF72D}.Debug x64|Win32.ActiveCfg = Debux x64|Win32
		{72DC8F0D-FFB8-42FD-BCAB-C94493FDF72D}.Debug x64|Win32.Build.0 = Debux x64|Win32
		{72DC8F0D-FFB8-42FD-BCAB-C94493FDF72D}.Debug x86|Win32.ActiveCfg = Debug|Win32
		{72DC8F0D-FFB8-42FD-BCAB-C94493FDF72D}.Debug x86|Win32.Build.0 = Debug|Win32
		{72DC8F0D-FFB8-42FD-BCAB-C94493FDF72D}.Release x64|Win32.ActiveCfg = Release x64|Win32
		{72DC8F0D-FFB8-42FD-BCAB-C94493FDF72D}.Release x64|Win32.Build.0 = Release x64|Win32
		{72DC8F0D-FFB8-42FD-BCAB-C94493FDF72D}.Release x86|Win32.ActiveCfg = Release|Win32
		{72DC8F0D-FFB8-42FD-BCAB-C94493FDF72D}.Release x86|Win32.Build.0 = Release|Win32
		{EEB5E4F6-5EC7-45A6-8685-A0776D3205F7}.Debug x64|Win32.ActiveCfg = Debux x64|Win32
		{EEB5E4F6-5EC7-45A6-8685-A0776D3205F7}.Debug x64|Win32.Build.0 = Debux x64|Win32
		{EEB5E4F6-5EC7-45A6-8685-A0776D3205F7}.Debug x86|Win32.ActiveCfg = Debug|Win32
		{EEB5E4F6-5EC7-45A6-8685-A0776D3205F7}.Debug x86|Win32.Build.0 = Debug|Win32
		{EEB5E4F6-5EC7-45A6-8685-A0776D3205F7}.Release x64|Win32.ActiveCfg = Release x64|Win32
		{EEB5E4F6-5EC7-45A6-8685-A0776D3205F7}.Release x64|Win32.Build.0 = Release x64|Win32
		{EEB5E4F6-5EC7-45A6-8685-A0776D3205F7}.Release x86|Win32.ActiveCfg = Release|Win32
		{EEB5E4F6-5EC7-45A6-8685-A0776D3205F7}.Release x86|Win32.Build.0 = Release|Win32
	EndGlobalSection
	GlobalSection(SolutionProperties) = preSolution
		HideSolutionNode = FALSE
	EndGlobalSection
EndGlobal
